// !$*UTF8*$!
{
	archiveVersion = 1;
	classes = {
	};
	objectVersion = 48;
	objects = {

/* Begin PBXBuildFile section */
		169490701F0FF04C00E988AD /* AppDelegate.swift in Sources */ = {isa = PBXBuildFile; fileRef = 1694906F1F0FF04C00E988AD /* AppDelegate.swift */; };
		169490721F0FF04C00E988AD /* FirstViewController.swift in Sources */ = {isa = PBXBuildFile; fileRef = 169490711F0FF04C00E988AD /* FirstViewController.swift */; };
		169490741F0FF04C00E988AD /* SecondViewController.swift in Sources */ = {isa = PBXBuildFile; fileRef = 169490731F0FF04C00E988AD /* SecondViewController.swift */; };
		169490771F0FF04C00E988AD /* Main.storyboard in Resources */ = {isa = PBXBuildFile; fileRef = 169490751F0FF04C00E988AD /* Main.storyboard */; };
		169490791F0FF04C00E988AD /* Assets.xcassets in Resources */ = {isa = PBXBuildFile; fileRef = 169490781F0FF04C00E988AD /* Assets.xcassets */; };
		1694907C1F0FF04C00E988AD /* LaunchScreen.storyboard in Resources */ = {isa = PBXBuildFile; fileRef = 1694907A1F0FF04C00E988AD /* LaunchScreen.storyboard */; };
		169490871F0FF04C00E988AD /* DayTraderTests.swift in Sources */ = {isa = PBXBuildFile; fileRef = 169490861F0FF04C00E988AD /* DayTraderTests.swift */; };
		169490921F0FF04D00E988AD /* DayTraderUITests.swift in Sources */ = {isa = PBXBuildFile; fileRef = 169490911F0FF04D00E988AD /* DayTraderUITests.swift */; };
/* End PBXBuildFile section */

/* Begin PBXContainerItemProxy section */
		169490831F0FF04C00E988AD /* PBXContainerItemProxy */ = {
			isa = PBXContainerItemProxy;
			containerPortal = 169490641F0FF04C00E988AD /* Project object */;
			proxyType = 1;
			remoteGlobalIDString = 1694906B1F0FF04C00E988AD;
			remoteInfo = DayTrader;
		};
		1694908E1F0FF04D00E988AD /* PBXContainerItemProxy */ = {
			isa = PBXContainerItemProxy;
			containerPortal = 169490641F0FF04C00E988AD /* Project object */;
			proxyType = 1;
			remoteGlobalIDString = 1694906B1F0FF04C00E988AD;
			remoteInfo = DayTrader;
		};
/* End PBXContainerItemProxy section */

/* Begin PBXFileReference section */
		1694906C1F0FF04C00E988AD /* DayTrader.app */ = {isa = PBXFileReference; explicitFileType = wrapper.application; includeInIndex = 0; path = DayTrader.app; sourceTree = BUILT_PRODUCTS_DIR; };
		1694906F1F0FF04C00E988AD /* AppDelegate.swift */ = {isa = PBXFileReference; lastKnownFileType = sourcecode.swift; path = AppDelegate.swift; sourceTree = "<group>"; };
		169490711F0FF04C00E988AD /* FirstViewController.swift */ = {isa = PBXFileReference; lastKnownFileType = sourcecode.swift; path = FirstViewController.swift; sourceTree = "<group>"; };
		169490731F0FF04C00E988AD /* SecondViewController.swift */ = {isa = PBXFileReference; lastKnownFileType = sourcecode.swift; path = SecondViewController.swift; sourceTree = "<group>"; };
		169490761F0FF04C00E988AD /* Base */ = {isa = PBXFileReference; lastKnownFileType = file.storyboard; name = Base; path = Base.lproj/Main.storyboard; sourceTree = "<group>"; };
		169490781F0FF04C00E988AD /* Assets.xcassets */ = {isa = PBXFileReference; lastKnownFileType = folder.assetcatalog; path = Assets.xcassets; sourceTree = "<group>"; };
		1694907B1F0FF04C00E988AD /* Base */ = {isa = PBXFileReference; lastKnownFileType = file.storyboard; name = Base; path = Base.lproj/LaunchScreen.storyboard; sourceTree = "<group>"; };
		1694907D1F0FF04C00E988AD /* Info.plist */ = {isa = PBXFileReference; lastKnownFileType = text.plist.xml; path = Info.plist; sourceTree = "<group>"; };
		169490821F0FF04C00E988AD /* DayTraderTests.xctest */ = {isa = PBXFileReference; explicitFileType = wrapper.cfbundle; includeInIndex = 0; path = DayTraderTests.xctest; sourceTree = BUILT_PRODUCTS_DIR; };
		169490861F0FF04C00E988AD /* DayTraderTests.swift */ = {isa = PBXFileReference; lastKnownFileType = sourcecode.swift; path = DayTraderTests.swift; sourceTree = "<group>"; };
		169490881F0FF04C00E988AD /* Info.plist */ = {isa = PBXFileReference; lastKnownFileType = text.plist.xml; path = Info.plist; sourceTree = "<group>"; };
		1694908D1F0FF04D00E988AD /* DayTraderUITests.xctest */ = {isa = PBXFileReference; explicitFileType = wrapper.cfbundle; includeInIndex = 0; path = DayTraderUITests.xctest; sourceTree = BUILT_PRODUCTS_DIR; };
		169490911F0FF04D00E988AD /* DayTraderUITests.swift */ = {isa = PBXFileReference; lastKnownFileType = sourcecode.swift; path = DayTraderUITests.swift; sourceTree = "<group>"; };
		169490931F0FF04D00E988AD /* Info.plist */ = {isa = PBXFileReference; lastKnownFileType = text.plist.xml; path = Info.plist; sourceTree = "<group>"; };
/* End PBXFileReference section */

/* Begin PBXFrameworksBuildPhase section */
		169490691F0FF04C00E988AD /* Frameworks */ = {
			isa = PBXFrameworksBuildPhase;
			buildActionMask = 2147483647;
			files = (
			);
			runOnlyForDeploymentPostprocessing = 0;
		};
		1694907F1F0FF04C00E988AD /* Frameworks */ = {
			isa = PBXFrameworksBuildPhase;
			buildActionMask = 2147483647;
			files = (
			);
			runOnlyForDeploymentPostprocessing = 0;
		};
		1694908A1F0FF04D00E988AD /* Frameworks */ = {
			isa = PBXFrameworksBuildPhase;
			buildActionMask = 2147483647;
			files = (
			);
			runOnlyForDeploymentPostprocessing = 0;
		};
/* End PBXFrameworksBuildPhase section */

/* Begin PBXGroup section */
		169490631F0FF04C00E988AD = {
			isa = PBXGroup;
			children = (
				1694906E1F0FF04C00E988AD /* DayTrader */,
				169490851F0FF04C00E988AD /* DayTraderTests */,
				169490901F0FF04D00E988AD /* DayTraderUITests */,
				1694906D1F0FF04C00E988AD /* Products */,
			);
			sourceTree = "<group>";
		};
		1694906D1F0FF04C00E988AD /* Products */ = {
			isa = PBXGroup;
			children = (
				1694906C1F0FF04C00E988AD /* DayTrader.app */,
				169490821F0FF04C00E988AD /* DayTraderTests.xctest */,
				1694908D1F0FF04D00E988AD /* DayTraderUITests.xctest */,
			);
			name = Products;
			sourceTree = "<group>";
		};
		1694906E1F0FF04C00E988AD /* DayTrader */ = {
			isa = PBXGroup;
			children = (
				1694906F1F0FF04C00E988AD /* AppDelegate.swift */,
				169490711F0FF04C00E988AD /* FirstViewController.swift */,
				169490731F0FF04C00E988AD /* SecondViewController.swift */,
				169490751F0FF04C00E988AD /* Main.storyboard */,
				169490781F0FF04C00E988AD /* Assets.xcassets */,
				1694907A1F0FF04C00E988AD /* LaunchScreen.storyboard */,
				1694907D1F0FF04C00E988AD /* Info.plist */,
			);
			path = DayTrader;
			sourceTree = "<group>";
		};
		169490851F0FF04C00E988AD /* DayTraderTests */ = {
			isa = PBXGroup;
			children = (
				169490861F0FF04C00E988AD /* DayTraderTests.swift */,
				169490881F0FF04C00E988AD /* Info.plist */,
			);
			path = DayTraderTests;
			sourceTree = "<group>";
		};
		169490901F0FF04D00E988AD /* DayTraderUITests */ = {
			isa = PBXGroup;
			children = (
				169490911F0FF04D00E988AD /* DayTraderUITests.swift */,
				169490931F0FF04D00E988AD /* Info.plist */,
			);
			path = DayTraderUITests;
			sourceTree = "<group>";
		};
/* End PBXGroup section */

/* Begin PBXNativeTarget section */
		1694906B1F0FF04C00E988AD /* DayTrader */ = {
			isa = PBXNativeTarget;
			buildConfigurationList = 169490961F0FF04D00E988AD /* Build configuration list for PBXNativeTarget "DayTrader" */;
			buildPhases = (
				169490681F0FF04C00E988AD /* Sources */,
				169490691F0FF04C00E988AD /* Frameworks */,
				1694906A1F0FF04C00E988AD /* Resources */,
			);
			buildRules = (
			);
			dependencies = (
			);
			name = DayTrader;
			productName = DayTrader;
			productReference = 1694906C1F0FF04C00E988AD /* DayTrader.app */;
			productType = "com.apple.product-type.application";
		};
		169490811F0FF04C00E988AD /* DayTraderTests */ = {
			isa = PBXNativeTarget;
			buildConfigurationList = 169490991F0FF04D00E988AD /* Build configuration list for PBXNativeTarget "DayTraderTests" */;
			buildPhases = (
				1694907E1F0FF04C00E988AD /* Sources */,
				1694907F1F0FF04C00E988AD /* Frameworks */,
				169490801F0FF04C00E988AD /* Resources */,
			);
			buildRules = (
			);
			dependencies = (
				169490841F0FF04C00E988AD /* PBXTargetDependency */,
			);
			name = DayTraderTests;
			productName = DayTraderTests;
			productReference = 169490821F0FF04C00E988AD /* DayTraderTests.xctest */;
			productType = "com.apple.product-type.bundle.unit-test";
		};
		1694908C1F0FF04D00E988AD /* DayTraderUITests */ = {
			isa = PBXNativeTarget;
			buildConfigurationList = 1694909C1F0FF04D00E988AD /* Build configuration list for PBXNativeTarget "DayTraderUITests" */;
			buildPhases = (
				169490891F0FF04D00E988AD /* Sources */,
				1694908A1F0FF04D00E988AD /* Frameworks */,
				1694908B1F0FF04D00E988AD /* Resources */,
			);
			buildRules = (
			);
			dependencies = (
				1694908F1F0FF04D00E988AD /* PBXTargetDependency */,
			);
			name = DayTraderUITests;
			productName = DayTraderUITests;
			productReference = 1694908D1F0FF04D00E988AD /* DayTraderUITests.xctest */;
			productType = "com.apple.product-type.bundle.ui-testing";
		};
/* End PBXNativeTarget section */

/* Begin PBXProject section */
		169490641F0FF04C00E988AD /* Project object */ = {
			isa = PBXProject;
			attributes = {
				LastSwiftUpdateCheck = 0900;
				LastUpgradeCheck = 0900;
				ORGANIZATIONNAME = "Matthew Mohrman";
				TargetAttributes = {
					1694906B1F0FF04C00E988AD = {
						CreatedOnToolsVersion = 9.0;
					};
					169490811F0FF04C00E988AD = {
						CreatedOnToolsVersion = 9.0;
						TestTargetID = 1694906B1F0FF04C00E988AD;
					};
					1694908C1F0FF04D00E988AD = {
						CreatedOnToolsVersion = 9.0;
						TestTargetID = 1694906B1F0FF04C00E988AD;
					};
				};
			};
			buildConfigurationList = 169490671F0FF04C00E988AD /* Build configuration list for PBXProject "DayTrader" */;
			compatibilityVersion = "Xcode 8.0";
			developmentRegion = en;
			hasScannedForEncodings = 0;
			knownRegions = (
				en,
				Base,
			);
			mainGroup = 169490631F0FF04C00E988AD;
			productRefGroup = 1694906D1F0FF04C00E988AD /* Products */;
			projectDirPath = "";
			projectRoot = "";
			targets = (
				1694906B1F0FF04C00E988AD /* DayTrader */,
				169490811F0FF04C00E988AD /* DayTraderTests */,
				1694908C1F0FF04D00E988AD /* DayTraderUITests */,
			);
		};
/* End PBXProject section */

/* Begin PBXResourcesBuildPhase section */
		1694906A1F0FF04C00E988AD /* Resources */ = {
			isa = PBXResourcesBuildPhase;
			buildActionMask = 2147483647;
			files = (
				1694907C1F0FF04C00E988AD /* LaunchScreen.storyboard in Resources */,
				169490791F0FF04C00E988AD /* Assets.xcassets in Resources */,
				169490771F0FF04C00E988AD /* Main.storyboard in Resources */,
			);
			runOnlyForDeploymentPostprocessing = 0;
		};
		169490801F0FF04C00E988AD /* Resources */ = {
			isa = PBXResourcesBuildPhase;
			buildActionMask = 2147483647;
			files = (
			);
			runOnlyForDeploymentPostprocessing = 0;
		};
		1694908B1F0FF04D00E988AD /* Resources */ = {
			isa = PBXResourcesBuildPhase;
			buildActionMask = 2147483647;
			files = (
			);
			runOnlyForDeploymentPostprocessing = 0;
		};
/* End PBXResourcesBuildPhase section */

/* Begin PBXSourcesBuildPhase section */
		169490681F0FF04C00E988AD /* Sources */ = {
			isa = PBXSourcesBuildPhase;
			buildActionMask = 2147483647;
			files = (
				169490741F0FF04C00E988AD /* SecondViewController.swift in Sources */,
				169490701F0FF04C00E988AD /* AppDelegate.swift in Sources */,
				169490721F0FF04C00E988AD /* FirstViewController.swift in Sources */,
			);
			runOnlyForDeploymentPostprocessing = 0;
		};
		1694907E1F0FF04C00E988AD /* Sources */ = {
			isa = PBXSourcesBuildPhase;
			buildActionMask = 2147483647;
			files = (
				169490871F0FF04C00E988AD /* DayTraderTests.swift in Sources */,
			);
			runOnlyForDeploymentPostprocessing = 0;
		};
		169490891F0FF04D00E988AD /* Sources */ = {
			isa = PBXSourcesBuildPhase;
			buildActionMask = 2147483647;
			files = (
				169490921F0FF04D00E988AD /* DayTraderUITests.swift in Sources */,
			);
			runOnlyForDeploymentPostprocessing = 0;
		};
/* End PBXSourcesBuildPhase section */

/* Begin PBXTargetDependency section */
		169490841F0FF04C00E988AD /* PBXTargetDependency */ = {
			isa = PBXTargetDependency;
			target = 1694906B1F0FF04C00E988AD /* DayTrader */;
			targetProxy = 169490831F0FF04C00E988AD /* PBXContainerItemProxy */;
		};
		1694908F1F0FF04D00E988AD /* PBXTargetDependency */ = {
			isa = PBXTargetDependency;
			target = 1694906B1F0FF04C00E988AD /* DayTrader */;
			targetProxy = 1694908E1F0FF04D00E988AD /* PBXContainerItemProxy */;
		};
/* End PBXTargetDependency section */

/* Begin PBXVariantGroup section */
		169490751F0FF04C00E988AD /* Main.storyboard */ = {
			isa = PBXVariantGroup;
			children = (
				169490761F0FF04C00E988AD /* Base */,
			);
			name = Main.storyboard;
			sourceTree = "<group>";
		};
		1694907A1F0FF04C00E988AD /* LaunchScreen.storyboard */ = {
			isa = PBXVariantGroup;
			children = (
				1694907B1F0FF04C00E988AD /* Base */,
			);
			name = LaunchScreen.storyboard;
			sourceTree = "<group>";
		};
/* End PBXVariantGroup section */

/* Begin XCBuildConfiguration section */
		169490941F0FF04D00E988AD /* Debug */ = {
			isa = XCBuildConfiguration;
			buildSettings = {
				ALWAYS_SEARCH_USER_PATHS = NO;
				CLANG_ANALYZER_NONNULL = YES;
				CLANG_ANALYZER_NUMBER_OBJECT_CONVERSION = YES_AGGRESSIVE;
				CLANG_CXX_LANGUAGE_STANDARD = "gnu++14";
				CLANG_CXX_LIBRARY = "libc++";
				CLANG_ENABLE_MODULES = YES;
				CLANG_ENABLE_OBJC_ARC = YES;
				CLANG_WARN_BLOCK_CAPTURE_AUTORELEASING = YES;
				CLANG_WARN_BOOL_CONVERSION = YES;
				CLANG_WARN_COMMA = YES;
				CLANG_WARN_CONSTANT_CONVERSION = YES;
				CLANG_WARN_DIRECT_OBJC_ISA_USAGE = YES_ERROR;
				CLANG_WARN_DOCUMENTATION_COMMENTS = YES;
				CLANG_WARN_EMPTY_BODY = YES;
				CLANG_WARN_ENUM_CONVERSION = YES;
				CLANG_WARN_INFINITE_RECURSION = YES;
				CLANG_WARN_INT_CONVERSION = YES;
				CLANG_WARN_OBJC_ROOT_CLASS = YES_ERROR;
				CLANG_WARN_RANGE_LOOP_ANALYSIS = YES;
				CLANG_WARN_STRICT_PROTOTYPES = YES;
				CLANG_WARN_SUSPICIOUS_MOVE = YES;
				CLANG_WARN_UNGUARDED_AVAILABILITY = YES_AGGRESSIVE;
				CLANG_WARN_UNREACHABLE_CODE = YES;
				CLANG_WARN__DUPLICATE_METHOD_MATCH = YES;
				CODE_SIGN_IDENTITY = "iPhone Developer";
				COPY_PHASE_STRIP = NO;
				DEBUG_INFORMATION_FORMAT = dwarf;
				ENABLE_STRICT_OBJC_MSGSEND = YES;
				ENABLE_TESTABILITY = YES;
				GCC_C_LANGUAGE_STANDARD = gnu11;
				GCC_DYNAMIC_NO_PIC = NO;
				GCC_NO_COMMON_BLOCKS = YES;
				GCC_OPTIMIZATION_LEVEL = 0;
				GCC_PREPROCESSOR_DEFINITIONS = (
					"DEBUG=1",
					"$(inherited)",
				);
				GCC_WARN_64_TO_32_BIT_CONVERSION = YES;
				GCC_WARN_ABOUT_RETURN_TYPE = YES_ERROR;
				GCC_WARN_UNDECLARED_SELECTOR = YES;
				GCC_WARN_UNINITIALIZED_AUTOS = YES_AGGRESSIVE;
				GCC_WARN_UNUSED_FUNCTION = YES;
				GCC_WARN_UNUSED_VARIABLE = YES;
				IPHONEOS_DEPLOYMENT_TARGET = 11.0;
				MTL_ENABLE_DEBUG_INFO = YES;
				ONLY_ACTIVE_ARCH = YES;
				SDKROOT = iphoneos;
				SWIFT_ACTIVE_COMPILATION_CONDITIONS = DEBUG;
				SWIFT_OPTIMIZATION_LEVEL = "-Onone";
			};
			name = Debug;
		};
		169490951F0FF04D00E988AD /* Release */ = {
			isa = XCBuildConfiguration;
			buildSettings = {
				ALWAYS_SEARCH_USER_PATHS = NO;
				CLANG_ANALYZER_NONNULL = YES;
				CLANG_ANALYZER_NUMBER_OBJECT_CONVERSION = YES_AGGRESSIVE;
				CLANG_CXX_LANGUAGE_STANDARD = "gnu++14";
				CLANG_CXX_LIBRARY = "libc++";
				CLANG_ENABLE_MODULES = YES;
				CLANG_ENABLE_OBJC_ARC = YES;
				CLANG_WARN_BLOCK_CAPTURE_AUTORELEASING = YES;
				CLANG_WARN_BOOL_CONVERSION = YES;
				CLANG_WARN_COMMA = YES;
				CLANG_WARN_CONSTANT_CONVERSION = YES;
				CLANG_WARN_DIRECT_OBJC_ISA_USAGE = YES_ERROR;
				CLANG_WARN_DOCUMENTATION_COMMENTS = YES;
				CLANG_WARN_EMPTY_BODY = YES;
				CLANG_WARN_ENUM_CONVERSION = YES;
				CLANG_WARN_INFINITE_RECURSION = YES;
				CLANG_WARN_INT_CONVERSION = YES;
				CLANG_WARN_OBJC_ROOT_CLASS = YES_ERROR;
				CLANG_WARN_RANGE_LOOP_ANALYSIS = YES;
				CLANG_WARN_STRICT_PROTOTYPES = YES;
				CLANG_WARN_SUSPICIOUS_MOVE = YES;
				CLANG_WARN_UNGUARDED_AVAILABILITY = YES_AGGRESSIVE;
				CLANG_WARN_UNREACHABLE_CODE = YES;
				CLANG_WARN__DUPLICATE_METHOD_MATCH = YES;
				CODE_SIGN_IDENTITY = "iPhone Developer";
				COPY_PHASE_STRIP = NO;
				DEBUG_INFORMATION_FORMAT = "dwarf-with-dsym";
				ENABLE_NS_ASSERTIONS = NO;
				ENABLE_STRICT_OBJC_MSGSEND = YES;
				GCC_C_LANGUAGE_STANDARD = gnu11;
				GCC_NO_COMMON_BLOCKS = YES;
				GCC_WARN_64_TO_32_BIT_CONVERSION = YES;
				GCC_WARN_ABOUT_RETURN_TYPE = YES_ERROR;
				GCC_WARN_UNDECLARED_SELECTOR = YES;
				GCC_WARN_UNINITIALIZED_AUTOS = YES_AGGRESSIVE;
				GCC_WARN_UNUSED_FUNCTION = YES;
				GCC_WARN_UNUSED_VARIABLE = YES;
				IPHONEOS_DEPLOYMENT_TARGET = 11.0;
				MTL_ENABLE_DEBUG_INFO = NO;
				SDKROOT = iphoneos;
				SWIFT_OPTIMIZATION_LEVEL = "-Owholemodule";
				VALIDATE_PRODUCT = YES;
			};
			name = Release;
		};
		169490971F0FF04D00E988AD /* Debug */ = {
			isa = XCBuildConfiguration;
			buildSettings = {
				ASSETCATALOG_COMPILER_APPICON_NAME = AppIcon;
				DEVELOPMENT_TEAM = 6FHRYCJC6R;
				INFOPLIST_FILE = DayTrader/Info.plist;
				LD_RUNPATH_SEARCH_PATHS = "$(inherited) @executable_path/Frameworks";
				PRODUCT_BUNDLE_IDENTIFIER = com.matthewmohrman.DayTrader;
				PRODUCT_NAME = "$(TARGET_NAME)";
				SWIFT_VERSION = 4.0;
				TARGETED_DEVICE_FAMILY = "1,2";
			};
			name = Debug;
		};
		169490981F0FF04D00E988AD /* Release */ = {
			isa = XCBuildConfiguration;
			buildSettings = {
				ASSETCATALOG_COMPILER_APPICON_NAME = AppIcon;
				DEVELOPMENT_TEAM = 6FHRYCJC6R;
				INFOPLIST_FILE = DayTrader/Info.plist;
				LD_RUNPATH_SEARCH_PATHS = "$(inherited) @executable_path/Frameworks";
				PRODUCT_BUNDLE_IDENTIFIER = com.matthewmohrman.DayTrader;
				PRODUCT_NAME = "$(TARGET_NAME)";
				SWIFT_VERSION = 4.0;
				TARGETED_DEVICE_FAMILY = "1,2";
			};
			name = Release;
		};
		1694909A1F0FF04D00E988AD /* Debug */ = {
			isa = XCBuildConfiguration;
			buildSettings = {
				ALWAYS_EMBED_SWIFT_STANDARD_LIBRARIES = YES;
				BUNDLE_LOADER = "$(TEST_HOST)";
				DEVELOPMENT_TEAM = 6FHRYCJC6R;
				INFOPLIST_FILE = DayTraderTests/Info.plist;
				LD_RUNPATH_SEARCH_PATHS = "$(inherited) @executable_path/Frameworks @loader_path/Frameworks";
				PRODUCT_BUNDLE_IDENTIFIER = com.matthewmohrman.DayTraderTests;
				PRODUCT_NAME = "$(TARGET_NAME)";
				SWIFT_VERSION = 4.0;
				TARGETED_DEVICE_FAMILY = "1,2";
				TEST_HOST = "$(BUILT_PRODUCTS_DIR)/DayTrader.app/DayTrader";
			};
			name = Debug;
		};
		1694909B1F0FF04D00E988AD /* Release */ = {
			isa = XCBuildConfiguration;
			buildSettings = {
				ALWAYS_EMBED_SWIFT_STANDARD_LIBRARIES = YES;
				BUNDLE_LOADER = "$(TEST_HOST)";
				DEVELOPMENT_TEAM = 6FHRYCJC6R;
				INFOPLIST_FILE = DayTraderTests/Info.plist;
				LD_RUNPATH_SEARCH_PATHS = "$(inherited) @executable_path/Frameworks @loader_path/Frameworks";
				PRODUCT_BUNDLE_IDENTIFIER = com.matthewmohrman.DayTraderTests;
				PRODUCT_NAME = "$(TARGET_NAME)";
				SWIFT_VERSION = 4.0;
				TARGETED_DEVICE_FAMILY = "1,2";
				TEST_HOST = "$(BUILT_PRODUCTS_DIR)/DayTrader.app/DayTrader";
			};
			name = Release;
		};
		1694909D1F0FF04D00E988AD /* Debug */ = {
			isa = XCBuildConfiguration;
			buildSettings = {
				ALWAYS_EMBED_SWIFT_STANDARD_LIBRARIES = YES;
				DEVELOPMENT_TEAM = 6FHRYCJC6R;
				INFOPLIST_FILE = DayTraderUITests/Info.plist;
				LD_RUNPATH_SEARCH_PATHS = "$(inherited) @executable_path/Frameworks @loader_path/Frameworks";
				PRODUCT_BUNDLE_IDENTIFIER = com.matthewmohrman.DayTraderUITests;
				PRODUCT_NAME = "$(TARGET_NAME)";
				SWIFT_VERSION = 4.0;
				TARGETED_DEVICE_FAMILY = "1,2";
				TEST_TARGET_NAME = DayTrader;
			};
			name = Debug;
		};
		1694909E1F0FF04D00E988AD /* Release */ = {
			isa = XCBuildConfiguration;
			buildSettings = {
				ALWAYS_EMBED_SWIFT_STANDARD_LIBRARIES = YES;
				DEVELOPMENT_TEAM = 6FHRYCJC6R;
				INFOPLIST_FILE = DayTraderUITests/Info.plist;
				LD_RUNPATH_SEARCH_PATHS = "$(inherited) @executable_path/Frameworks @loader_path/Frameworks";
				PRODUCT_BUNDLE_IDENTIFIER = com.matthewmohrman.DayTraderUITests;
				PRODUCT_NAME = "$(TARGET_NAME)";
				SWIFT_VERSION = 4.0;
				TARGETED_DEVICE_FAMILY = "1,2";
				TEST_TARGET_NAME = DayTrader;
			};
			name = Release;
		};
/* End XCBuildConfiguration section */

/* Begin XCConfigurationList section */
		169490671F0FF04C00E988AD /* Build configuration list for PBXProject "DayTrader" */ = {
			isa = XCConfigurationList;
			buildConfigurations = (
				169490941F0FF04D00E988AD /* Debug */,
				169490951F0FF04D00E988AD /* Release */,
			);
			defaultConfigurationIsVisible = 0;
			defaultConfigurationName = Release;
		};
		169490961F0FF04D00E988AD /* Build configuration list for PBXNativeTarget "DayTrader" */ = {
			isa = XCConfigurationList;
			buildConfigurations = (
				169490971F0FF04D00E988AD /* Debug */,
				169490981F0FF04D00E988AD /* Release */,
			);
			defaultConfigurationIsVisible = 0;
		};
		169490991F0FF04D00E988AD /* Build configuration list for PBXNativeTarget "DayTraderTests" */ = {
			isa = XCConfigurationList;
			buildConfigurations = (
				1694909A1F0FF04D00E988AD /* Debug */,
				1694909B1F0FF04D00E988AD /* Release */,
			);
			defaultConfigurationIsVisible = 0;
		};
		1694909C1F0FF04D00E988AD /* Build configuration list for PBXNativeTarget "DayTraderUITests" */ = {
			isa = XCConfigurationList;
			buildConfigurations = (
				1694909D1F0FF04D00E988AD /* Debug */,
				1694909E1F0FF04D00E988AD /* Release */,
			);
			defaultConfigurationIsVisible = 0;
		};
/* End XCConfigurationList section */
	};
	rootObject = 169490641F0FF04C00E988AD /* Project object */;
}
